// !$*UTF8*$!
{
	archiveVersion = 1;
	classes = {
	};
	objectVersion = 77;
	objects = {

/* Begin PBXBuildFile section */
		0340713FE26CEDF0E4EDD2A0 /* FormulaIcons.swift in Sources */ = {isa = PBXBuildFile; fileRef = 503440E86E47889F134F948C /* FormulaIcons.swift */; };
		0B8E514444A8AD2CB70ABF92 /* BrewfileView.swift in Sources */ = {isa = PBXBuildFile; fileRef = ACBC1B238338C194118F6083 /* BrewfileView.swift */; };
		14E6F6389CC75707C9F058BC /* PackageRowView.swift in Sources */ = {isa = PBXBuildFile; fileRef = 341FE46FCDDD8CD2EEF85137 /* PackageRowView.swift */; };
		20DE48E19430760FBA2321E3 /* MenuBarView.swift in Sources */ = {isa = PBXBuildFile; fileRef = 8A346F38852F4B702A7A516C /* MenuBarView.swift */; };
		2954B2235972C3A2493C665B /* BrewService.swift in Sources */ = {isa = PBXBuildFile; fileRef = 250F33E2A3C8FF27E3FB785A /* BrewService.swift */; };
		31B9AA09C82A37530619A2BF /* DiscoverView.swift in Sources */ = {isa = PBXBuildFile; fileRef = E6DE9A086D90E815A39C88A5 /* DiscoverView.swift */; };
		8307C1100E99F99BD5D5C7F8 /* AppDelegate.swift in Sources */ = {isa = PBXBuildFile; fileRef = E7D3C526889D003BC43FAD7E /* AppDelegate.swift */; };
		98BBD02CA4ABA5A9F7EC0D12 /* Assets.xcassets in Resources */ = {isa = PBXBuildFile; fileRef = 771150EC08441ABC3EC1DD1C /* Assets.xcassets */; };
		A028D58D8573DA62145455B8 /* DiscoverPackage.swift in Sources */ = {isa = PBXBuildFile; fileRef = FCDA32D50FEC4D1761B3D80C /* DiscoverPackage.swift */; };
		AD6C949DD52CB525A59ED6EA /* SettingsView.swift in Sources */ = {isa = PBXBuildFile; fileRef = DA6511EB48F677664E54300B /* SettingsView.swift */; };
		CB419945D0C2F1F5044A2E0B /* View+Glass.swift in Sources */ = {isa = PBXBuildFile; fileRef = 030F70820038EA899675CA49 /* View+Glass.swift */; };
		EB1668047B6F2D788991D287 /* BrewDockApp.swift in Sources */ = {isa = PBXBuildFile; fileRef = 0A547DD2500FDF4F98DE1FF5 /* BrewDockApp.swift */; };
		EE938E160CFA88B6094F7F3A /* ServiceRowView.swift in Sources */ = {isa = PBXBuildFile; fileRef = 16969FF28CA92DA2624C50CF /* ServiceRowView.swift */; };
/* End PBXBuildFile section */

/* Begin PBXFileReference section */
		030F70820038EA899675CA49 /* View+Glass.swift */ = {isa = PBXFileReference; lastKnownFileType = sourcecode.swift; path = "View+Glass.swift"; sourceTree = "<group>"; };
		0A547DD2500FDF4F98DE1FF5 /* BrewDockApp.swift */ = {isa = PBXFileReference; lastKnownFileType = sourcecode.swift; path = BrewDockApp.swift; sourceTree = "<group>"; };
		16969FF28CA92DA2624C50CF /* ServiceRowView.swift */ = {isa = PBXFileReference; lastKnownFileType = sourcecode.swift; path = ServiceRowView.swift; sourceTree = "<group>"; };
		250F33E2A3C8FF27E3FB785A /* BrewService.swift */ = {isa = PBXFileReference; lastKnownFileType = sourcecode.swift; path = BrewService.swift; sourceTree = "<group>"; };
		341FE46FCDDD8CD2EEF85137 /* PackageRowView.swift */ = {isa = PBXFileReference; lastKnownFileType = sourcecode.swift; path = PackageRowView.swift; sourceTree = "<group>"; };
		4365A8D2E1676E7A11C70D45 /* BrewDock.app */ = {isa = PBXFileReference; explicitFileType = wrapper.application; includeInIndex = 0; path = BrewDock.app; sourceTree = BUILT_PRODUCTS_DIR; };
		4AC65231F149F5DE798D8B0E /* BrewDock.entitlements */ = {isa = PBXFileReference; lastKnownFileType = text.plist.entitlements; path = BrewDock.entitlements; sourceTree = "<group>"; };
		503440E86E47889F134F948C /* FormulaIcons.swift */ = {isa = PBXFileReference; lastKnownFileType = sourcecode.swift; path = FormulaIcons.swift; sourceTree = "<group>"; };
		771150EC08441ABC3EC1DD1C /* Assets.xcassets */ = {isa = PBXFileReference; lastKnownFileType = folder.assetcatalog; path = Assets.xcassets; sourceTree = "<group>"; };
		7CDD1D41DE8EB6E1E2E6722C /* Info.plist */ = {isa = PBXFileReference; lastKnownFileType = text.plist; path = Info.plist; sourceTree = "<group>"; };
		8A346F38852F4B702A7A516C /* MenuBarView.swift */ = {isa = PBXFileReference; lastKnownFileType = sourcecode.swift; path = MenuBarView.swift; sourceTree = "<group>"; };
		ACBC1B238338C194118F6083 /* BrewfileView.swift */ = {isa = PBXFileReference; lastKnownFileType = sourcecode.swift; path = BrewfileView.swift; sourceTree = "<group>"; };
		DA6511EB48F677664E54300B /* SettingsView.swift */ = {isa = PBXFileReference; lastKnownFileType = sourcecode.swift; path = SettingsView.swift; sourceTree = "<group>"; };
		E6DE9A086D90E815A39C88A5 /* DiscoverView.swift */ = {isa = PBXFileReference; lastKnownFileType = sourcecode.swift; path = DiscoverView.swift; sourceTree = "<group>"; };
		E7D3C526889D003BC43FAD7E /* AppDelegate.swift */ = {isa = PBXFileReference; lastKnownFileType = sourcecode.swift; path = AppDelegate.swift; sourceTree = "<group>"; };
		FCDA32D50FEC4D1761B3D80C /* DiscoverPackage.swift */ = {isa = PBXFileReference; lastKnownFileType = sourcecode.swift; path = DiscoverPackage.swift; sourceTree = "<group>"; };
/* End PBXFileReference section */

/* Begin PBXFrameworksBuildPhase section */
		408513DA1D249FB5BE9C3199 /* Frameworks */ = {
			isa = PBXFrameworksBuildPhase;
			buildActionMask = 2147483647;
			files = (
			);
			runOnlyForDeploymentPostprocessing = 0;
		};
/* End PBXFrameworksBuildPhase section */

/* Begin PBXGroup section */
		96D973215F2F9D9E52514672 /* BrewDock */ = {
			isa = PBXGroup;
			children = (
				E7D3C526889D003BC43FAD7E /* AppDelegate.swift */,
				771150EC08441ABC3EC1DD1C /* Assets.xcassets */,
				4AC65231F149F5DE798D8B0E /* BrewDock.entitlements */,
				0A547DD2500FDF4F98DE1FF5 /* BrewDockApp.swift */,
				ACBC1B238338C194118F6083 /* BrewfileView.swift */,
				250F33E2A3C8FF27E3FB785A /* BrewService.swift */,
				FCDA32D50FEC4D1761B3D80C /* DiscoverPackage.swift */,
				E6DE9A086D90E815A39C88A5 /* DiscoverView.swift */,
				503440E86E47889F134F948C /* FormulaIcons.swift */,
				7CDD1D41DE8EB6E1E2E6722C /* Info.plist */,
				8A346F38852F4B702A7A516C /* MenuBarView.swift */,
				341FE46FCDDD8CD2EEF85137 /* PackageRowView.swift */,
				16969FF28CA92DA2624C50CF /* ServiceRowView.swift */,
				DA6511EB48F677664E54300B /* SettingsView.swift */,
				030F70820038EA899675CA49 /* View+Glass.swift */,
			);
			path = BrewDock;
			sourceTree = "<group>";
		};
		E36A701CBFF8956828D21571 /* Products */ = {
			isa = PBXGroup;
			children = (
				4365A8D2E1676E7A11C70D45 /* BrewDock.app */,
			);
			name = Products;
			sourceTree = "<group>";
		};
		FDDCF261E707027AE34D28C2 = {
			isa = PBXGroup;
			children = (
				96D973215F2F9D9E52514672 /* BrewDock */,
				E36A701CBFF8956828D21571 /* Products */,
			);
			sourceTree = "<group>";
		};
/* End PBXGroup section */

/* Begin PBXNativeTarget section */
		C7060ECBB3020D04AF740880 /* BrewDock */ = {
			isa = PBXNativeTarget;
			buildConfigurationList = 581AC682D014EB63486A6EEF /* Build configuration list for PBXNativeTarget "BrewDock" */;
			buildPhases = (
				B3C2AF37C3860DF697653150 /* Sources */,
				EED2D21BA58E205618D36AA7 /* Resources */,
				408513DA1D249FB5BE9C3199 /* Frameworks */,
			);
			buildRules = (
			);
			dependencies = (
			);
			name = BrewDock;
			packageProductDependencies = (
			);
			productName = BrewDock;
			productReference = 4365A8D2E1676E7A11C70D45 /* BrewDock.app */;
			productType = "com.apple.product-type.application";
		};
/* End PBXNativeTarget section */

/* Begin PBXProject section */
		60BCB17F25DAD72C99617655 /* Project object */ = {
			isa = PBXProject;
			attributes = {
				BuildIndependentTargetsInParallel = YES;
				LastUpgradeCheck = 2600;
				TargetAttributes = {
				};
			};
			buildConfigurationList = 130D04DD9CD0C2964DC0F231 /* Build configuration list for PBXProject "BrewDock" */;
			developmentRegion = en;
			hasScannedForEncodings = 0;
			knownRegions = (
				Base,
				en,
			);
			mainGroup = FDDCF261E707027AE34D28C2;
			minimizedProjectReferenceProxies = 1;
			packageReferences = (
			);
			preferredProjectObjectVersion = 77;
			productRefGroup = E36A701CBFF8956828D21571 /* Products */;
			projectDirPath = "";
			projectRoot = "";
			targets = (
				C7060ECBB3020D04AF740880 /* BrewDock */,
			);
		};
/* End PBXProject section */

/* Begin PBXResourcesBuildPhase section */
		EED2D21BA58E205618D36AA7 /* Resources */ = {
			isa = PBXResourcesBuildPhase;
			buildActionMask = 2147483647;
			files = (
				98BBD02CA4ABA5A9F7EC0D12 /* Assets.xcassets in Resources */,
			);
			runOnlyForDeploymentPostprocessing = 0;
		};
/* End PBXResourcesBuildPhase section */

/* Begin PBXSourcesBuildPhase section */
		B3C2AF37C3860DF697653150 /* Sources */ = {
			isa = PBXSourcesBuildPhase;
			buildActionMask = 2147483647;
			files = (
				8307C1100E99F99BD5D5C7F8 /* AppDelegate.swift in Sources */,
				EB1668047B6F2D788991D287 /* BrewDockApp.swift in Sources */,
				2954B2235972C3A2493C665B /* BrewService.swift in Sources */,
				0B8E514444A8AD2CB70ABF92 /* BrewfileView.swift in Sources */,
				A028D58D8573DA62145455B8 /* DiscoverPackage.swift in Sources */,
				31B9AA09C82A37530619A2BF /* DiscoverView.swift in Sources */,
				0340713FE26CEDF0E4EDD2A0 /* FormulaIcons.swift in Sources */,
				20DE48E19430760FBA2321E3 /* MenuBarView.swift in Sources */,
				14E6F6389CC75707C9F058BC /* PackageRowView.swift in Sources */,
				EE938E160CFA88B6094F7F3A /* ServiceRowView.swift in Sources */,
				AD6C949DD52CB525A59ED6EA /* SettingsView.swift in Sources */,
				CB419945D0C2F1F5044A2E0B /* View+Glass.swift in Sources */,
			);
			runOnlyForDeploymentPostprocessing = 0;
		};
/* End PBXSourcesBuildPhase section */

/* Begin XCBuildConfiguration section */
		2D1F8158C7C4E143E76D6DB9 /* Debug */ = {
			isa = XCBuildConfiguration;
			buildSettings = {
				ALWAYS_SEARCH_USER_PATHS = NO;
				CLANG_ANALYZER_NONNULL = YES;
				CLANG_ANALYZER_NUMBER_OBJECT_CONVERSION = YES_AGGRESSIVE;
				CLANG_CXX_LANGUAGE_STANDARD = "gnu++14";
				CLANG_CXX_LIBRARY = "libc++";
				CLANG_ENABLE_MODULES = YES;
				CLANG_ENABLE_OBJC_ARC = YES;
				CLANG_ENABLE_OBJC_WEAK = YES;
				CLANG_WARN_BLOCK_CAPTURE_AUTORELEASING = YES;
				CLANG_WARN_BOOL_CONVERSION = YES;
				CLANG_WARN_COMMA = YES;
				CLANG_WARN_CONSTANT_CONVERSION = YES;
				CLANG_WARN_DEPRECATED_OBJC_IMPLEMENTATIONS = YES;
				CLANG_WARN_DIRECT_OBJC_ISA_USAGE = YES_ERROR;
				CLANG_WARN_DOCUMENTATION_COMMENTS = YES;
				CLANG_WARN_EMPTY_BODY = YES;
				CLANG_WARN_ENUM_CONVERSION = YES;
				CLANG_WARN_INFINITE_RECURSION = YES;
				CLANG_WARN_INT_CONVERSION = YES;
				CLANG_WARN_NON_LITERAL_NULL_CONVERSION = YES;
				CLANG_WARN_OBJC_IMPLICIT_RETAIN_SELF = YES;
				CLANG_WARN_OBJC_LITERAL_CONVERSION = YES;
				CLANG_WARN_OBJC_ROOT_CLASS = YES_ERROR;
				CLANG_WARN_QUOTED_INCLUDE_IN_FRAMEWORK_HEADER = YES;
				CLANG_WARN_RANGE_LOOP_ANALYSIS = YES;
				CLANG_WARN_STRICT_PROTOTYPES = YES;
				CLANG_WARN_SUSPICIOUS_MOVE = YES;
				CLANG_WARN_UNGUARDED_AVAILABILITY = YES_AGGRESSIVE;
				CLANG_WARN_UNREACHABLE_CODE = YES;
				CLANG_WARN__DUPLICATE_METHOD_MATCH = YES;
				CODE_SIGN_STYLE = Automatic;
				COPY_PHASE_STRIP = NO;
				DEBUG_INFORMATION_FORMAT = dwarf;
				DEVELOPMENT_TEAM = "";
				ENABLE_HARDENED_RUNTIME = YES;
				ENABLE_STRICT_OBJC_MSGSEND = YES;
				ENABLE_TESTABILITY = YES;
				GCC_C_LANGUAGE_STANDARD = gnu11;
				GCC_DYNAMIC_NO_PIC = NO;
				GCC_NO_COMMON_BLOCKS = YES;
				GCC_OPTIMIZATION_LEVEL = 0;
				GCC_PREPROCESSOR_DEFINITIONS = (
					"$(inherited)",
					"DEBUG=1",
				);
				GCC_WARN_64_TO_32_BIT_CONVERSION = YES;
				GCC_WARN_ABOUT_RETURN_TYPE = YES_ERROR;
				GCC_WARN_UNDECLARED_SELECTOR = YES;
				GCC_WARN_UNINITIALIZED_AUTOS = YES_AGGRESSIVE;
				GCC_WARN_UNUSED_FUNCTION = YES;
				GCC_WARN_UNUSED_VARIABLE = YES;
				MACOSX_DEPLOYMENT_TARGET = 13.0;
				MTL_ENABLE_DEBUG_INFO = INCLUDE_SOURCE;
				MTL_FAST_MATH = YES;
				ONLY_ACTIVE_ARCH = YES;
				PRODUCT_NAME = BrewDock;
				SDKROOT = macosx;
				SWIFT_ACTIVE_COMPILATION_CONDITIONS = DEBUG;
				SWIFT_OPTIMIZATION_LEVEL = "-Onone";
				SWIFT_VERSION = 6.0;
			};
			name = Debug;
		};
		3C5ED0A3A16810668FB77FFC /* Release */ = {
			isa = XCBuildConfiguration;
			buildSettings = {
				ALWAYS_SEARCH_USER_PATHS = NO;
				CLANG_ANALYZER_NONNULL = YES;
				CLANG_ANALYZER_NUMBER_OBJECT_CONVERSION = YES_AGGRESSIVE;
				CLANG_CXX_LANGUAGE_STANDARD = "gnu++14";
				CLANG_CXX_LIBRARY = "libc++";
				CLANG_ENABLE_MODULES = YES;
				CLANG_ENABLE_OBJC_ARC = YES;
				CLANG_ENABLE_OBJC_WEAK = YES;
				CLANG_WARN_BLOCK_CAPTURE_AUTORELEASING = YES;
				CLANG_WARN_BOOL_CONVERSION = YES;
				CLANG_WARN_COMMA = YES;
				CLANG_WARN_CONSTANT_CONVERSION = YES;
				CLANG_WARN_DEPRECATED_OBJC_IMPLEMENTATIONS = YES;
				CLANG_WARN_DIRECT_OBJC_ISA_USAGE = YES_ERROR;
				CLANG_WARN_DOCUMENTATION_COMMENTS = YES;
				CLANG_WARN_EMPTY_BODY = YES;
				CLANG_WARN_ENUM_CONVERSION = YES;
				CLANG_WARN_INFINITE_RECURSION = YES;
				CLANG_WARN_INT_CONVERSION = YES;
				CLANG_WARN_NON_LITERAL_NULL_CONVERSION = YES;
				CLANG_WARN_OBJC_IMPLICIT_RETAIN_SELF = YES;
				CLANG_WARN_OBJC_LITERAL_CONVERSION = YES;
				CLANG_WARN_OBJC_ROOT_CLASS = YES_ERROR;
				CLANG_WARN_QUOTED_INCLUDE_IN_FRAMEWORK_HEADER = YES;
				CLANG_WARN_RANGE_LOOP_ANALYSIS = YES;
				CLANG_WARN_STRICT_PROTOTYPES = YES;
				CLANG_WARN_SUSPICIOUS_MOVE = YES;
				CLANG_WARN_UNGUARDED_AVAILABILITY = YES_AGGRESSIVE;
				CLANG_WARN_UNREACHABLE_CODE = YES;
				CLANG_WARN__DUPLICATE_METHOD_MATCH = YES;
				CODE_SIGN_STYLE = Automatic;
				COPY_PHASE_STRIP = NO;
				DEBUG_INFORMATION_FORMAT = "dwarf-with-dsym";
				DEVELOPMENT_TEAM = "";
				ENABLE_HARDENED_RUNTIME = YES;
				ENABLE_NS_ASSERTIONS = NO;
				ENABLE_STRICT_OBJC_MSGSEND = YES;
				GCC_C_LANGUAGE_STANDARD = gnu11;
				GCC_NO_COMMON_BLOCKS = YES;
				GCC_WARN_64_TO_32_BIT_CONVERSION = YES;
				GCC_WARN_ABOUT_RETURN_TYPE = YES_ERROR;
				GCC_WARN_UNDECLARED_SELECTOR = YES;
				GCC_WARN_UNINITIALIZED_AUTOS = YES_AGGRESSIVE;
				GCC_WARN_UNUSED_FUNCTION = YES;
				GCC_WARN_UNUSED_VARIABLE = YES;
				MACOSX_DEPLOYMENT_TARGET = 13.0;
				MTL_ENABLE_DEBUG_INFO = NO;
				MTL_FAST_MATH = YES;
				PRODUCT_NAME = BrewDock;
				SDKROOT = macosx;
				SWIFT_COMPILATION_MODE = wholemodule;
				SWIFT_OPTIMIZATION_LEVEL = "-O";
				SWIFT_VERSION = 6.0;
			};
			name = Release;
		};
		DF8CDFB6A668CAC317DCB596 /* Release */ = {
			isa = XCBuildConfiguration;
			buildSettings = {
				ASSETCATALOG_COMPILER_APPICON_NAME = AppIcon;
				CODE_SIGN_ENTITLEMENTS = BrewDock/BrewDock.entitlements;
				CODE_SIGN_IDENTITY = "Developer ID Application";
				CODE_SIGN_STYLE = Manual;
				COMBINE_HIDPI_IMAGES = YES;
				DEVELOPMENT_TEAM = 5HQ5V9NP82;
				ENABLE_HARDENED_RUNTIME = YES;
				INFOPLIST_FILE = BrewDock/Info.plist;
				LD_RUNPATH_SEARCH_PATHS = (
					"$(inherited)",
					"@executable_path/../Frameworks",
				);
				PRODUCT_BUNDLE_IDENTIFIER = com.rossnicholson.BrewDock;
				SDKROOT = macosx;
			};
			name = Release;
		};
		EFD6F608342AD6FF21E93AF2 /* Debug */ = {
			isa = XCBuildConfiguration;
			buildSettings = {
				ASSETCATALOG_COMPILER_APPICON_NAME = AppIcon;
				CODE_SIGN_ENTITLEMENTS = BrewDock/BrewDock.entitlements;
				COMBINE_HIDPI_IMAGES = YES;
				INFOPLIST_FILE = BrewDock/Info.plist;
				LD_RUNPATH_SEARCH_PATHS = (
					"$(inherited)",
					"@executable_path/../Frameworks",
				);
				PRODUCT_BUNDLE_IDENTIFIER = com.rossnicholson.BrewDock;
				SDKROOT = macosx;
			};
			name = Debug;
		};
/* End XCBuildConfiguration section */

/* Begin XCConfigurationList section */
		130D04DD9CD0C2964DC0F231 /* Build configuration list for PBXProject "BrewDock" */ = {
			isa = XCConfigurationList;
			buildConfigurations = (
				2D1F8158C7C4E143E76D6DB9 /* Debug */,
				3C5ED0A3A16810668FB77FFC /* Release */,
			);
			defaultConfigurationIsVisible = 0;
			defaultConfigurationName = Debug;
		};
		581AC682D014EB63486A6EEF /* Build configuration list for PBXNativeTarget "BrewDock" */ = {
			isa = XCConfigurationList;
			buildConfigurations = (
				EFD6F608342AD6FF21E93AF2 /* Debug */,
				DF8CDFB6A668CAC317DCB596 /* Release */,
			);
			defaultConfigurationIsVisible = 0;
			defaultConfigurationName = Debug;
		};
/* End XCConfigurationList section */

	};
	rootObject = 60BCB17F25DAD72C99617655 /* Project object */;
}
